
Microsoft Visual Studio Solution File, Format Version 12.00
# Visual Studio 15
VisualStudioVersion = 15.0.27004.2009
MinimumVisualStudioVersion = 10.0.40219.1
Project("{FAE04EC0-301F-11D3-BF4B-00C04F79EFBC}") = "Ducks", "Ducks\Ducks.csproj", "{821F630F-FF4C-405D-87A5-0313BF645EA2}"
EndProject
Project("{FAE04EC0-301F-11D3-BF4B-00C04F79EFBC}") = "DuckTest", "DuckTest\DuckTest.csproj", "{0E7ECB11-1B90-43E6-AFD3-09908669D6BE}"
EndProject
Global
	GlobalSection(SolutionConfigurationPlatforms) = preSolution
		Debug|Any CPU = Debug|Any CPU
		Release|Any CPU = Release|Any CPU
	EndGlobalSection
	GlobalSection(ProjectConfigurationPlatforms) = postSolution
		{821F630F-FF4C-405D-87A5-0313BF645EA2}.Debug|Any CPU.ActiveCfg = Debug|Any CPU
		{821F630F-FF4C-405D-87A5-0313BF645EA2}.Debug|Any CPU.Build.0 = Debug|Any CPU
		{821F630F-FF4C-405D-87A5-0313BF645EA2}.Release|Any CPU.ActiveCfg = Release|Any CPU
		{821F630F-FF4C-405D-87A5-0313BF645EA2}.Release|Any CPU.Build.0 = Release|Any CPU
		{0E7ECB11-1B90-43E6-AFD3-09908669D6BE}.Debug|Any CPU.ActiveCfg = Debug|Any CPU
		{0E7ECB11-1B90-43E6-AFD3-09908669D6BE}.Debug|Any CPU.Build.0 = Debug|Any CPU
		{0E7ECB11-1B90-43E6-AFD3-09908669D6BE}.Release|Any CPU.ActiveCfg = Release|Any CPU
		{0E7ECB11-1B90-43E6-AFD3-09908669D6BE}.Release|Any CPU.Build.0 = Release|Any CPU
	EndGlobalSection
	GlobalSection(SolutionProperties) = preSolution
		HideSolutionNode = FALSE
	EndGlobalSection
	GlobalSection(ExtensibilityGlobals) = postSolution
		SolutionGuid = {7682FE4A-FA3E-41C6-BD48-99A7C76E2127}
	EndGlobalSection
EndGlobal
